{"1.1.0",
[{<<"keccakf1600">>,{pkg,<<"keccakf1600">>,<<"2.0.0">>},0},
 {<<"small_ints">>,{pkg,<<"small_ints">>,<<"0.1.0">>},0}]}.
[
{pkg_hash,[
 {<<"keccakf1600">>, <<"69D02D844A101BF3C75484C9E334FD04B0F57280727E881CAC3BD8240432F43A">>},
 {<<"small_ints">>, <<"82A824C8794A2DDC73CB5CD00EAD11331DB296521AD16A619C13D668572B868A">>}]}
].
